
Microsoft Visual Studio Solution File, Format Version 12.00
# Visual Studio Version 16
VisualStudioVersion = 16.0.31112.23
MinimumVisualStudioVersion = 10.0.40219.1
Project("{9A19103F-16F7-4668-BE54-9A1E7A4F7556}") = "WebAPI", "WebAPI\WebAPI.csproj", "{9F16CC88-14D8-4648-B79F-9CE0E38F8957}"
EndProject
Project("{FAE04EC0-301F-11D3-BF4B-00C04F79EFBC}") = "models", "Models\models.csproj", "{F96538C4-C3F2-4998-9413-D8FB1810672A}"
EndProject
Project("{FAE04EC0-301F-11D3-BF4B-00C04F79EFBC}") = "util", "util\util.csproj", "{2AFA5247-38CA-49B3-970A-B9FF7A38BEF7}"
EndProject
Project("{FAE04EC0-301F-11D3-BF4B-00C04F79EFBC}") = "dbConn", "Data.Conn\dbConn.csproj", "{77B189B6-DB81-4358-8751-DB01A36FC895}"
EndProject
Project("{FAE04EC0-301F-11D3-BF4B-00C04F79EFBC}") = "business", "business\business.csproj", "{53FB9083-11DB-43DD-86BF-7B821F0F4D00}"
EndProject
Global
	GlobalSection(SolutionConfigurationPlatforms) = preSolution
		Debug|Any CPU = Debug|Any CPU
		Release|Any CPU = Release|Any CPU
	EndGlobalSection
	GlobalSection(ProjectConfigurationPlatforms) = postSolution
		{9F16CC88-14D8-4648-B79F-9CE0E38F8957}.Debug|Any CPU.ActiveCfg = Debug|Any CPU
		{9F16CC88-14D8-4648-B79F-9CE0E38F8957}.Debug|Any CPU.Build.0 = Debug|Any CPU
		{9F16CC88-14D8-4648-B79F-9CE0E38F8957}.Release|Any CPU.ActiveCfg = Release|Any CPU
		{9F16CC88-14D8-4648-B79F-9CE0E38F8957}.Release|Any CPU.Build.0 = Release|Any CPU
		{F96538C4-C3F2-4998-9413-D8FB1810672A}.Debug|Any CPU.ActiveCfg = Debug|Any CPU
		{F96538C4-C3F2-4998-9413-D8FB1810672A}.Debug|Any CPU.Build.0 = Debug|Any CPU
		{F96538C4-C3F2-4998-9413-D8FB1810672A}.Release|Any CPU.ActiveCfg = Release|Any CPU
		{F96538C4-C3F2-4998-9413-D8FB1810672A}.Release|Any CPU.Build.0 = Release|Any CPU
		{2AFA5247-38CA-49B3-970A-B9FF7A38BEF7}.Debug|Any CPU.ActiveCfg = Debug|Any CPU
		{2AFA5247-38CA-49B3-970A-B9FF7A38BEF7}.Debug|Any CPU.Build.0 = Debug|Any CPU
		{2AFA5247-38CA-49B3-970A-B9FF7A38BEF7}.Release|Any CPU.ActiveCfg = Release|Any CPU
		{2AFA5247-38CA-49B3-970A-B9FF7A38BEF7}.Release|Any CPU.Build.0 = Release|Any CPU
		{77B189B6-DB81-4358-8751-DB01A36FC895}.Debug|Any CPU.ActiveCfg = Debug|Any CPU
		{77B189B6-DB81-4358-8751-DB01A36FC895}.Debug|Any CPU.Build.0 = Debug|Any CPU
		{77B189B6-DB81-4358-8751-DB01A36FC895}.Release|Any CPU.ActiveCfg = Release|Any CPU
		{77B189B6-DB81-4358-8751-DB01A36FC895}.Release|Any CPU.Build.0 = Release|Any CPU
		{53FB9083-11DB-43DD-86BF-7B821F0F4D00}.Debug|Any CPU.ActiveCfg = Debug|Any CPU
		{53FB9083-11DB-43DD-86BF-7B821F0F4D00}.Debug|Any CPU.Build.0 = Debug|Any CPU
		{53FB9083-11DB-43DD-86BF-7B821F0F4D00}.Release|Any CPU.ActiveCfg = Release|Any CPU
		{53FB9083-11DB-43DD-86BF-7B821F0F4D00}.Release|Any CPU.Build.0 = Release|Any CPU
	EndGlobalSection
	GlobalSection(SolutionProperties) = preSolution
		HideSolutionNode = FALSE
	EndGlobalSection
	GlobalSection(ExtensibilityGlobals) = postSolution
		SolutionGuid = {82CE7C96-9AD0-4957-B91C-F05BDE82161B}
	EndGlobalSection
EndGlobal
