
Microsoft Visual Studio Solution File, Format Version 12.00
# Visual Studio Version 16
VisualStudioVersion = 16.0.31129.286
MinimumVisualStudioVersion = 10.0.40219.1
Project("{FAE04EC0-301F-11D3-BF4B-00C04F79EFBC}") = "Desafio.Net", "Desafio.Net\Desafio.Net.csproj", "{A1E8E76A-64C0-4C11-B5AD-F7C35F8A81EC}"
EndProject
Global
	GlobalSection(SolutionConfigurationPlatforms) = preSolution
		Debug|Any CPU = Debug|Any CPU
		Release|Any CPU = Release|Any CPU
	EndGlobalSection
	GlobalSection(ProjectConfigurationPlatforms) = postSolution
		{A1E8E76A-64C0-4C11-B5AD-F7C35F8A81EC}.Debug|Any CPU.ActiveCfg = Debug|Any CPU
		{A1E8E76A-64C0-4C11-B5AD-F7C35F8A81EC}.Debug|Any CPU.Build.0 = Debug|Any CPU
		{A1E8E76A-64C0-4C11-B5AD-F7C35F8A81EC}.Release|Any CPU.ActiveCfg = Release|Any CPU
		{A1E8E76A-64C0-4C11-B5AD-F7C35F8A81EC}.Release|Any CPU.Build.0 = Release|Any CPU
	EndGlobalSection
	GlobalSection(SolutionProperties) = preSolution
		HideSolutionNode = FALSE
	EndGlobalSection
	GlobalSection(ExtensibilityGlobals) = postSolution
		SolutionGuid = {254E0E67-2877-4BFE-8E10-7DED9D40F09F}
	EndGlobalSection
EndGlobal
